
Microsoft Visual Studio Solution File, Format Version 12.00
# Visual Studio 14
VisualStudioVersion = 14.0.23107.0
MinimumVisualStudioVersion = 10.0.40219.1
Project("{FAE04EC0-301F-11D3-BF4B-00C04F79EFBC}") = "Aula01", "Aula01\Aula01.csproj", "{B328F320-25B7-4E65-8570-B72E5107209F}"
EndProject
Project("{FAE04EC0-301F-11D3-BF4B-00C04F79EFBC}") = "Aula02", "Aula02\Aula02.csproj", "{FE27A9C5-F5A9-47A0-BE1C-F0EB6815BF6E}"
EndProject
Global
	GlobalSection(SolutionConfigurationPlatforms) = preSolution
		Debug|Any CPU = Debug|Any CPU
		Release|Any CPU = Release|Any CPU
	EndGlobalSection
	GlobalSection(ProjectConfigurationPlatforms) = postSolution
		{B328F320-25B7-4E65-8570-B72E5107209F}.Debug|Any CPU.ActiveCfg = Debug|Any CPU
		{B328F320-25B7-4E65-8570-B72E5107209F}.Debug|Any CPU.Build.0 = Debug|Any CPU
		{B328F320-25B7-4E65-8570-B72E5107209F}.Release|Any CPU.ActiveCfg = Release|Any CPU
		{B328F320-25B7-4E65-8570-B72E5107209F}.Release|Any CPU.Build.0 = Release|Any CPU
		{FE27A9C5-F5A9-47A0-BE1C-F0EB6815BF6E}.Debug|Any CPU.ActiveCfg = Debug|Any CPU
		{FE27A9C5-F5A9-47A0-BE1C-F0EB6815BF6E}.Debug|Any CPU.Build.0 = Debug|Any CPU
		{FE27A9C5-F5A9-47A0-BE1C-F0EB6815BF6E}.Release|Any CPU.ActiveCfg = Release|Any CPU
		{FE27A9C5-F5A9-47A0-BE1C-F0EB6815BF6E}.Release|Any CPU.Build.0 = Release|Any CPU
	EndGlobalSection
	GlobalSection(SolutionProperties) = preSolution
		HideSolutionNode = FALSE
	EndGlobalSection
EndGlobal
